
Microsoft Visual Studio Solution File, Format Version 10.00
# Visual Studio 2008
Project("{E24C65DC-7377-472B-9ABA-BC803B73C61A}") = "shoebox", ".", "{409C61EF-1F66-4D08-9102-53620E7EC34D}"
	ProjectSection(WebsiteProperties) = preProject
		TargetFramework = "3.5"
		Debug.AspNetCompiler.VirtualPath = "/shoebox"
		Debug.AspNetCompiler.PhysicalPath = "E:\shoebox\"
		Debug.AspNetCompiler.TargetPath = "PrecompiledWeb\shoebox\"
		Debug.AspNetCompiler.Updateable = "true"
		Debug.AspNetCompiler.ForceOverwrite = "true"
		Debug.AspNetCompiler.FixedNames = "false"
		Debug.AspNetCompiler.Debug = "True"
		Release.AspNetCompiler.VirtualPath = "/shoebox"
		Release.AspNetCompiler.PhysicalPath = "E:\shoebox\"
		Release.AspNetCompiler.TargetPath = "PrecompiledWeb\shoebox\"
		Release.AspNetCompiler.Updateable = "true"
		Release.AspNetCompiler.ForceOverwrite = "true"
		Release.AspNetCompiler.FixedNames = "false"
		Release.AspNetCompiler.Debug = "False"
		VWDPort = "64606"
	EndProjectSection
EndProject
Global
	GlobalSection(SolutionConfigurationPlatforms) = preSolution
		Debug|.NET = Debug|.NET
	EndGlobalSection
	GlobalSection(ProjectConfigurationPlatforms) = postSolution
		{409C61EF-1F66-4D08-9102-53620E7EC34D}.Debug|.NET.ActiveCfg = Debug|.NET
		{409C61EF-1F66-4D08-9102-53620E7EC34D}.Debug|.NET.Build.0 = Debug|.NET
	EndGlobalSection
	GlobalSection(SolutionProperties) = preSolution
		HideSolutionNode = FALSE
	EndGlobalSection
EndGlobal
